// !$*UTF8*$!
{
	archiveVersion = 1;
	classes = {
	};
	objectVersion = 55;
	objects = {

/* Begin PBXBuildFile section */
		848E982D28BAEC8000E8C051 /* citibike_iosApp.swift in Sources */ = {isa = PBXBuildFile; fileRef = 848E982C28BAEC8000E8C051 /* citibike_iosApp.swift */; };
		848E982F28BAEC8000E8C051 /* ContentView.swift in Sources */ = {isa = PBXBuildFile; fileRef = 848E982E28BAEC8000E8C051 /* ContentView.swift */; };
		848E983128BAEC8300E8C051 /* Assets.xcassets in Resources */ = {isa = PBXBuildFile; fileRef = 848E983028BAEC8300E8C051 /* Assets.xcassets */; };
		848E983428BAEC8300E8C051 /* Preview Assets.xcassets in Resources */ = {isa = PBXBuildFile; fileRef = 848E983328BAEC8300E8C051 /* Preview Assets.xcassets */; };
		848E983B28BAED4F00E8C051 /* StationView.swift in Sources */ = {isa = PBXBuildFile; fileRef = 848E983A28BAED4F00E8C051 /* StationView.swift */; };
		848E983D28BAED9700E8C051 /* Bike.swift in Sources */ = {isa = PBXBuildFile; fileRef = 848E983C28BAED9700E8C051 /* Bike.swift */; };
		848E983F28BAEE0B00E8C051 /* Station.swift in Sources */ = {isa = PBXBuildFile; fileRef = 848E983E28BAEE0B00E8C051 /* Station.swift */; };
		848E984128BAEF0100E8C051 /* Api.swift in Sources */ = {isa = PBXBuildFile; fileRef = 848E984028BAEF0100E8C051 /* Api.swift */; };
		848E984328BAF18E00E8C051 /* Home.swift in Sources */ = {isa = PBXBuildFile; fileRef = 848E984228BAF18E00E8C051 /* Home.swift */; };
		848E984528BB31CA00E8C051 /* LocationManager.swift in Sources */ = {isa = PBXBuildFile; fileRef = 848E984428BB31CA00E8C051 /* LocationManager.swift */; };
/* End PBXBuildFile section */

/* Begin PBXFileReference section */
		848E982928BAEC8000E8C051 /* citibike-ios.app */ = {isa = PBXFileReference; explicitFileType = wrapper.application; includeInIndex = 0; path = "citibike-ios.app"; sourceTree = BUILT_PRODUCTS_DIR; };
		848E982C28BAEC8000E8C051 /* citibike_iosApp.swift */ = {isa = PBXFileReference; lastKnownFileType = sourcecode.swift; path = citibike_iosApp.swift; sourceTree = "<group>"; };
		848E982E28BAEC8000E8C051 /* ContentView.swift */ = {isa = PBXFileReference; lastKnownFileType = sourcecode.swift; path = ContentView.swift; sourceTree = "<group>"; };
		848E983028BAEC8300E8C051 /* Assets.xcassets */ = {isa = PBXFileReference; lastKnownFileType = folder.assetcatalog; path = Assets.xcassets; sourceTree = "<group>"; };
		848E983328BAEC8300E8C051 /* Preview Assets.xcassets */ = {isa = PBXFileReference; lastKnownFileType = folder.assetcatalog; path = "Preview Assets.xcassets"; sourceTree = "<group>"; };
		848E983A28BAED4F00E8C051 /* StationView.swift */ = {isa = PBXFileReference; lastKnownFileType = sourcecode.swift; path = StationView.swift; sourceTree = "<group>"; };
		848E983C28BAED9700E8C051 /* Bike.swift */ = {isa = PBXFileReference; lastKnownFileType = sourcecode.swift; path = Bike.swift; sourceTree = "<group>"; };
		848E983E28BAEE0B00E8C051 /* Station.swift */ = {isa = PBXFileReference; lastKnownFileType = sourcecode.swift; path = Station.swift; sourceTree = "<group>"; };
		848E984028BAEF0100E8C051 /* Api.swift */ = {isa = PBXFileReference; lastKnownFileType = sourcecode.swift; path = Api.swift; sourceTree = "<group>"; };
		848E984228BAF18E00E8C051 /* Home.swift */ = {isa = PBXFileReference; lastKnownFileType = sourcecode.swift; path = Home.swift; sourceTree = "<group>"; };
		848E984428BB31CA00E8C051 /* LocationManager.swift */ = {isa = PBXFileReference; lastKnownFileType = sourcecode.swift; path = LocationManager.swift; sourceTree = "<group>"; };
/* End PBXFileReference section */

/* Begin PBXFrameworksBuildPhase section */
		848E982628BAEC8000E8C051 /* Frameworks */ = {
			isa = PBXFrameworksBuildPhase;
			buildActionMask = 2147483647;
			files = (
			);
			runOnlyForDeploymentPostprocessing = 0;
		};
/* End PBXFrameworksBuildPhase section */

/* Begin PBXGroup section */
		848E982028BAEC8000E8C051 = {
			isa = PBXGroup;
			children = (
				848E982B28BAEC8000E8C051 /* citibike-ios */,
				848E982A28BAEC8000E8C051 /* Products */,
			);
			sourceTree = "<group>";
		};
		848E982A28BAEC8000E8C051 /* Products */ = {
			isa = PBXGroup;
			children = (
				848E982928BAEC8000E8C051 /* citibike-ios.app */,
			);
			name = Products;
			sourceTree = "<group>";
		};
		848E982B28BAEC8000E8C051 /* citibike-ios */ = {
			isa = PBXGroup;
			children = (
				848E983A28BAED4F00E8C051 /* StationView.swift */,
				848E982C28BAEC8000E8C051 /* citibike_iosApp.swift */,
				848E982E28BAEC8000E8C051 /* ContentView.swift */,
				848E984428BB31CA00E8C051 /* LocationManager.swift */,
				848E984028BAEF0100E8C051 /* Api.swift */,
				848E983E28BAEE0B00E8C051 /* Station.swift */,
				848E983C28BAED9700E8C051 /* Bike.swift */,
				848E984228BAF18E00E8C051 /* Home.swift */,
				848E983028BAEC8300E8C051 /* Assets.xcassets */,
				848E983228BAEC8300E8C051 /* Preview Content */,
			);
			path = "citibike-ios";
			sourceTree = "<group>";
		};
		848E983228BAEC8300E8C051 /* Preview Content */ = {
			isa = PBXGroup;
			children = (
				848E983328BAEC8300E8C051 /* Preview Assets.xcassets */,
			);
			path = "Preview Content";
			sourceTree = "<group>";
		};
/* End PBXGroup section */

/* Begin PBXNativeTarget section */
		848E982828BAEC8000E8C051 /* citibike-ios */ = {
			isa = PBXNativeTarget;
			buildConfigurationList = 848E983728BAEC8300E8C051 /* Build configuration list for PBXNativeTarget "citibike-ios" */;
			buildPhases = (
				848E982528BAEC8000E8C051 /* Sources */,
				848E982628BAEC8000E8C051 /* Frameworks */,
				848E982728BAEC8000E8C051 /* Resources */,
			);
			buildRules = (
			);
			dependencies = (
			);
			name = "citibike-ios";
			productName = "citibike-ios";
			productReference = 848E982928BAEC8000E8C051 /* citibike-ios.app */;
			productType = "com.apple.product-type.application";
		};
/* End PBXNativeTarget section */

/* Begin PBXProject section */
		848E982128BAEC8000E8C051 /* Project object */ = {
			isa = PBXProject;
			attributes = {
				BuildIndependentTargetsInParallel = 1;
				LastSwiftUpdateCheck = 1340;
				LastUpgradeCheck = 1340;
				TargetAttributes = {
					848E982828BAEC8000E8C051 = {
						CreatedOnToolsVersion = 13.4.1;
					};
				};
			};
			buildConfigurationList = 848E982428BAEC8000E8C051 /* Build configuration list for PBXProject "citibike-ios" */;
			compatibilityVersion = "Xcode 13.0";
			developmentRegion = en;
			hasScannedForEncodings = 0;
			knownRegions = (
				en,
				Base,
			);
			mainGroup = 848E982028BAEC8000E8C051;
			productRefGroup = 848E982A28BAEC8000E8C051 /* Products */;
			projectDirPath = "";
			projectRoot = "";
			targets = (
				848E982828BAEC8000E8C051 /* citibike-ios */,
			);
		};
/* End PBXProject section */

/* Begin PBXResourcesBuildPhase section */
		848E982728BAEC8000E8C051 /* Resources */ = {
			isa = PBXResourcesBuildPhase;
			buildActionMask = 2147483647;
			files = (
				848E983428BAEC8300E8C051 /* Preview Assets.xcassets in Resources */,
				848E983128BAEC8300E8C051 /* Assets.xcassets in Resources */,
			);
			runOnlyForDeploymentPostprocessing = 0;
		};
/* End PBXResourcesBuildPhase section */

/* Begin PBXSourcesBuildPhase section */
		848E982528BAEC8000E8C051 /* Sources */ = {
			isa = PBXSourcesBuildPhase;
			buildActionMask = 2147483647;
			files = (
				848E984128BAEF0100E8C051 /* Api.swift in Sources */,
				848E982F28BAEC8000E8C051 /* ContentView.swift in Sources */,
				848E983F28BAEE0B00E8C051 /* Station.swift in Sources */,
				848E983B28BAED4F00E8C051 /* StationView.swift in Sources */,
				848E984528BB31CA00E8C051 /* LocationManager.swift in Sources */,
				848E983D28BAED9700E8C051 /* Bike.swift in Sources */,
				848E982D28BAEC8000E8C051 /* citibike_iosApp.swift in Sources */,
				848E984328BAF18E00E8C051 /* Home.swift in Sources */,
			);
			runOnlyForDeploymentPostprocessing = 0;
		};
/* End PBXSourcesBuildPhase section */

/* Begin XCBuildConfiguration section */
		848E983528BAEC8300E8C051 /* Debug */ = {
			isa = XCBuildConfiguration;
			buildSettings = {
				ALWAYS_SEARCH_USER_PATHS = NO;
				CLANG_ANALYZER_NONNULL = YES;
				CLANG_ANALYZER_NUMBER_OBJECT_CONVERSION = YES_AGGRESSIVE;
				CLANG_CXX_LANGUAGE_STANDARD = "gnu++17";
				CLANG_ENABLE_MODULES = YES;
				CLANG_ENABLE_OBJC_ARC = YES;
				CLANG_ENABLE_OBJC_WEAK = YES;
				CLANG_WARN_BLOCK_CAPTURE_AUTORELEASING = YES;
				CLANG_WARN_BOOL_CONVERSION = YES;
				CLANG_WARN_COMMA = YES;
				CLANG_WARN_CONSTANT_CONVERSION = YES;
				CLANG_WARN_DEPRECATED_OBJC_IMPLEMENTATIONS = YES;
				CLANG_WARN_DIRECT_OBJC_ISA_USAGE = YES_ERROR;
				CLANG_WARN_DOCUMENTATION_COMMENTS = YES;
				CLANG_WARN_EMPTY_BODY = YES;
				CLANG_WARN_ENUM_CONVERSION = YES;
				CLANG_WARN_INFINITE_RECURSION = YES;
				CLANG_WARN_INT_CONVERSION = YES;
				CLANG_WARN_NON_LITERAL_NULL_CONVERSION = YES;
				CLANG_WARN_OBJC_IMPLICIT_RETAIN_SELF = YES;
				CLANG_WARN_OBJC_LITERAL_CONVERSION = YES;
				CLANG_WARN_OBJC_ROOT_CLASS = YES_ERROR;
				CLANG_WARN_QUOTED_INCLUDE_IN_FRAMEWORK_HEADER = YES;
				CLANG_WARN_RANGE_LOOP_ANALYSIS = YES;
				CLANG_WARN_STRICT_PROTOTYPES = YES;
				CLANG_WARN_SUSPICIOUS_MOVE = YES;
				CLANG_WARN_UNGUARDED_AVAILABILITY = YES_AGGRESSIVE;
				CLANG_WARN_UNREACHABLE_CODE = YES;
				CLANG_WARN__DUPLICATE_METHOD_MATCH = YES;
				COPY_PHASE_STRIP = NO;
				DEBUG_INFORMATION_FORMAT = dwarf;
				ENABLE_STRICT_OBJC_MSGSEND = YES;
				ENABLE_TESTABILITY = YES;
				GCC_C_LANGUAGE_STANDARD = gnu11;
				GCC_DYNAMIC_NO_PIC = NO;
				GCC_NO_COMMON_BLOCKS = YES;
				GCC_OPTIMIZATION_LEVEL = 0;
				GCC_PREPROCESSOR_DEFINITIONS = (
					"DEBUG=1",
					"$(inherited)",
				);
				GCC_WARN_64_TO_32_BIT_CONVERSION = YES;
				GCC_WARN_ABOUT_RETURN_TYPE = YES_ERROR;
				GCC_WARN_UNDECLARED_SELECTOR = YES;
				GCC_WARN_UNINITIALIZED_AUTOS = YES_AGGRESSIVE;
				GCC_WARN_UNUSED_FUNCTION = YES;
				GCC_WARN_UNUSED_VARIABLE = YES;
				IPHONEOS_DEPLOYMENT_TARGET = 15.5;
				MTL_ENABLE_DEBUG_INFO = INCLUDE_SOURCE;
				MTL_FAST_MATH = YES;
				ONLY_ACTIVE_ARCH = YES;
				SDKROOT = iphoneos;
				SWIFT_ACTIVE_COMPILATION_CONDITIONS = DEBUG;
				SWIFT_OPTIMIZATION_LEVEL = "-Onone";
			};
			name = Debug;
		};
		848E983628BAEC8300E8C051 /* Release */ = {
			isa = XCBuildConfiguration;
			buildSettings = {
				ALWAYS_SEARCH_USER_PATHS = NO;
				CLANG_ANALYZER_NONNULL = YES;
				CLANG_ANALYZER_NUMBER_OBJECT_CONVERSION = YES_AGGRESSIVE;
				CLANG_CXX_LANGUAGE_STANDARD = "gnu++17";
				CLANG_ENABLE_MODULES = YES;
				CLANG_ENABLE_OBJC_ARC = YES;
				CLANG_ENABLE_OBJC_WEAK = YES;
				CLANG_WARN_BLOCK_CAPTURE_AUTORELEASING = YES;
				CLANG_WARN_BOOL_CONVERSION = YES;
				CLANG_WARN_COMMA = YES;
				CLANG_WARN_CONSTANT_CONVERSION = YES;
				CLANG_WARN_DEPRECATED_OBJC_IMPLEMENTATIONS = YES;
				CLANG_WARN_DIRECT_OBJC_ISA_USAGE = YES_ERROR;
				CLANG_WARN_DOCUMENTATION_COMMENTS = YES;
				CLANG_WARN_EMPTY_BODY = YES;
				CLANG_WARN_ENUM_CONVERSION = YES;
				CLANG_WARN_INFINITE_RECURSION = YES;
				CLANG_WARN_INT_CONVERSION = YES;
				CLANG_WARN_NON_LITERAL_NULL_CONVERSION = YES;
				CLANG_WARN_OBJC_IMPLICIT_RETAIN_SELF = YES;
				CLANG_WARN_OBJC_LITERAL_CONVERSION = YES;
				CLANG_WARN_OBJC_ROOT_CLASS = YES_ERROR;
				CLANG_WARN_QUOTED_INCLUDE_IN_FRAMEWORK_HEADER = YES;
				CLANG_WARN_RANGE_LOOP_ANALYSIS = YES;
				CLANG_WARN_STRICT_PROTOTYPES = YES;
				CLANG_WARN_SUSPICIOUS_MOVE = YES;
				CLANG_WARN_UNGUARDED_AVAILABILITY = YES_AGGRESSIVE;
				CLANG_WARN_UNREACHABLE_CODE = YES;
				CLANG_WARN__DUPLICATE_METHOD_MATCH = YES;
				COPY_PHASE_STRIP = NO;
				DEBUG_INFORMATION_FORMAT = "dwarf-with-dsym";
				ENABLE_NS_ASSERTIONS = NO;
				ENABLE_STRICT_OBJC_MSGSEND = YES;
				GCC_C_LANGUAGE_STANDARD = gnu11;
				GCC_NO_COMMON_BLOCKS = YES;
				GCC_WARN_64_TO_32_BIT_CONVERSION = YES;
				GCC_WARN_ABOUT_RETURN_TYPE = YES_ERROR;
				GCC_WARN_UNDECLARED_SELECTOR = YES;
				GCC_WARN_UNINITIALIZED_AUTOS = YES_AGGRESSIVE;
				GCC_WARN_UNUSED_FUNCTION = YES;
				GCC_WARN_UNUSED_VARIABLE = YES;
				IPHONEOS_DEPLOYMENT_TARGET = 15.5;
				MTL_ENABLE_DEBUG_INFO = NO;
				MTL_FAST_MATH = YES;
				SDKROOT = iphoneos;
				SWIFT_COMPILATION_MODE = wholemodule;
				SWIFT_OPTIMIZATION_LEVEL = "-O";
				VALIDATE_PRODUCT = YES;
			};
			name = Release;
		};
		848E983828BAEC8300E8C051 /* Debug */ = {
			isa = XCBuildConfiguration;
			buildSettings = {
				ASSETCATALOG_COMPILER_APPICON_NAME = AppIcon;
				ASSETCATALOG_COMPILER_GLOBAL_ACCENT_COLOR_NAME = AccentColor;
				CODE_SIGN_STYLE = Automatic;
				CURRENT_PROJECT_VERSION = 1;
				DEVELOPMENT_ASSET_PATHS = "\"citibike-ios/Preview Content\"";
				DEVELOPMENT_TEAM = M7S8BJ3J93;
				ENABLE_PREVIEWS = YES;
				GENERATE_INFOPLIST_FILE = YES;
				INFOPLIST_KEY_NSLocationAlwaysAndWhenInUseUsageDescription = "Allow us to use your location all the time";
				INFOPLIST_KEY_NSLocationWhenInUseUsageDescription = "Allow us to use your location";
				INFOPLIST_KEY_UIApplicationSceneManifest_Generation = YES;
				INFOPLIST_KEY_UIApplicationSupportsIndirectInputEvents = YES;
				INFOPLIST_KEY_UILaunchScreen_Generation = YES;
				INFOPLIST_KEY_UISupportedInterfaceOrientations_iPad = "UIInterfaceOrientationPortrait UIInterfaceOrientationPortraitUpsideDown UIInterfaceOrientationLandscapeLeft UIInterfaceOrientationLandscapeRight";
				INFOPLIST_KEY_UISupportedInterfaceOrientations_iPhone = "UIInterfaceOrientationPortrait UIInterfaceOrientationLandscapeLeft UIInterfaceOrientationLandscapeRight";
				LD_RUNPATH_SEARCH_PATHS = (
					"$(inherited)",
					"@executable_path/Frameworks",
				);
				MARKETING_VERSION = 1.0;
				PRODUCT_BUNDLE_IDENTIFIER = "politicker.citibike-ios";
				PRODUCT_NAME = "$(TARGET_NAME)";
				SWIFT_EMIT_LOC_STRINGS = YES;
				SWIFT_VERSION = 5.0;
				TARGETED_DEVICE_FAMILY = "1,2";
			};
			name = Debug;
		};
		848E983928BAEC8300E8C051 /* Release */ = {
			isa = XCBuildConfiguration;
			buildSettings = {
				ASSETCATALOG_COMPILER_APPICON_NAME = AppIcon;
				ASSETCATALOG_COMPILER_GLOBAL_ACCENT_COLOR_NAME = AccentColor;
				CODE_SIGN_STYLE = Automatic;
				CURRENT_PROJECT_VERSION = 1;
				DEVELOPMENT_ASSET_PATHS = "\"citibike-ios/Preview Content\"";
				DEVELOPMENT_TEAM = M7S8BJ3J93;
				ENABLE_PREVIEWS = YES;
				GENERATE_INFOPLIST_FILE = YES;
				INFOPLIST_KEY_NSLocationAlwaysAndWhenInUseUsageDescription = "Allow us to use your location all the time";
				INFOPLIST_KEY_NSLocationWhenInUseUsageDescription = "Allow us to use your location";
				INFOPLIST_KEY_UIApplicationSceneManifest_Generation = YES;
				INFOPLIST_KEY_UIApplicationSupportsIndirectInputEvents = YES;
				INFOPLIST_KEY_UILaunchScreen_Generation = YES;
				INFOPLIST_KEY_UISupportedInterfaceOrientations_iPad = "UIInterfaceOrientationPortrait UIInterfaceOrientationPortraitUpsideDown UIInterfaceOrientationLandscapeLeft UIInterfaceOrientationLandscapeRight";
				INFOPLIST_KEY_UISupportedInterfaceOrientations_iPhone = "UIInterfaceOrientationPortrait UIInterfaceOrientationLandscapeLeft UIInterfaceOrientationLandscapeRight";
				LD_RUNPATH_SEARCH_PATHS = (
					"$(inherited)",
					"@executable_path/Frameworks",
				);
				MARKETING_VERSION = 1.0;
				PRODUCT_BUNDLE_IDENTIFIER = "politicker.citibike-ios";
				PRODUCT_NAME = "$(TARGET_NAME)";
				SWIFT_EMIT_LOC_STRINGS = YES;
				SWIFT_VERSION = 5.0;
				TARGETED_DEVICE_FAMILY = "1,2";
			};
			name = Release;
		};
/* End XCBuildConfiguration section */

/* Begin XCConfigurationList section */
		848E982428BAEC8000E8C051 /* Build configuration list for PBXProject "citibike-ios" */ = {
			isa = XCConfigurationList;
			buildConfigurations = (
				848E983528BAEC8300E8C051 /* Debug */,
				848E983628BAEC8300E8C051 /* Release */,
			);
			defaultConfigurationIsVisible = 0;
			defaultConfigurationName = Release;
		};
		848E983728BAEC8300E8C051 /* Build configuration list for PBXNativeTarget "citibike-ios" */ = {
			isa = XCConfigurationList;
			buildConfigurations = (
				848E983828BAEC8300E8C051 /* Debug */,
				848E983928BAEC8300E8C051 /* Release */,
			);
			defaultConfigurationIsVisible = 0;
			defaultConfigurationName = Release;
		};
/* End XCConfigurationList section */
	};
	rootObject = 848E982128BAEC8000E8C051 /* Project object */;
}
